// !$*UTF8*$!
{
	archiveVersion = 1;
	classes = {
	};
	objectVersion = 56;
	objects = {

/* Begin PBXBuildFile section */
		2D445AE92BC668D5004329E3 /* AppDelegate.swift in Sources */ = {isa = PBXBuildFile; fileRef = 2D445AE82BC668D5004329E3 /* AppDelegate.swift */; };
		2D445AEB2BC668D5004329E3 /* SceneDelegate.swift in Sources */ = {isa = PBXBuildFile; fileRef = 2D445AEA2BC668D5004329E3 /* SceneDelegate.swift */; };
		2D445AED2BC668D5004329E3 /* ViewController.swift in Sources */ = {isa = PBXBuildFile; fileRef = 2D445AEC2BC668D5004329E3 /* ViewController.swift */; };
		2D445AF02BC668D5004329E3 /* Main.storyboard in Resources */ = {isa = PBXBuildFile; fileRef = 2D445AEE2BC668D5004329E3 /* Main.storyboard */; };
		2D445AF22BC668D6004329E3 /* Assets.xcassets in Resources */ = {isa = PBXBuildFile; fileRef = 2D445AF12BC668D6004329E3 /* Assets.xcassets */; };
		2D445AF52BC668D6004329E3 /* LaunchScreen.storyboard in Resources */ = {isa = PBXBuildFile; fileRef = 2D445AF32BC668D6004329E3 /* LaunchScreen.storyboard */; };
		2D445B002BC668D6004329E3 /* MVVMTests.swift in Sources */ = {isa = PBXBuildFile; fileRef = 2D445AFF2BC668D6004329E3 /* MVVMTests.swift */; };
		2D445B0A2BC668D6004329E3 /* MVVMUITests.swift in Sources */ = {isa = PBXBuildFile; fileRef = 2D445B092BC668D6004329E3 /* MVVMUITests.swift */; };
		2D445B0C2BC668D6004329E3 /* MVVMUITestsLaunchTests.swift in Sources */ = {isa = PBXBuildFile; fileRef = 2D445B0B2BC668D6004329E3 /* MVVMUITestsLaunchTests.swift */; };
		2D445B1A2BC66ADB004329E3 /* MainViewController.swift in Sources */ = {isa = PBXBuildFile; fileRef = 2D445B182BC66ADB004329E3 /* MainViewController.swift */; };
		2D445B1B2BC66ADB004329E3 /* MainViewController.xib in Resources */ = {isa = PBXBuildFile; fileRef = 2D445B192BC66ADB004329E3 /* MainViewController.xib */; };
		2D445B212BC66B6C004329E3 /* BaseViewController.swift in Sources */ = {isa = PBXBuildFile; fileRef = 2D445B202BC66B6C004329E3 /* BaseViewController.swift */; };
		2D445B242BC66CF1004329E3 /* BaseViewModelType.swift in Sources */ = {isa = PBXBuildFile; fileRef = 2D445B232BC66CF1004329E3 /* BaseViewModelType.swift */; };
		2D445B262BC66E87004329E3 /* MainViewModel.swift in Sources */ = {isa = PBXBuildFile; fileRef = 2D445B252BC66E87004329E3 /* MainViewModel.swift */; };
		2D445B282BC67E10004329E3 /* NetworkService.swift in Sources */ = {isa = PBXBuildFile; fileRef = 2D445B272BC67E10004329E3 /* NetworkService.swift */; };
		2D445B2B2BC6807F004329E3 /* Endpoint.swift in Sources */ = {isa = PBXBuildFile; fileRef = 2D445B2A2BC6807F004329E3 /* Endpoint.swift */; };
		2D445B2D2BC6830D004329E3 /* NetworkError.swift in Sources */ = {isa = PBXBuildFile; fileRef = 2D445B2C2BC6830D004329E3 /* NetworkError.swift */; };
		2D445B352BC689E8004329E3 /* UserEntity.swift in Sources */ = {isa = PBXBuildFile; fileRef = 2D445B342BC689E8004329E3 /* UserEntity.swift */; };
		2D445B372BC68A23004329E3 /* BaseEntityType.swift in Sources */ = {isa = PBXBuildFile; fileRef = 2D445B362BC68A23004329E3 /* BaseEntityType.swift */; };
		2D445B3A2BC6F0E7004329E3 /* UseCaseProvider.swift in Sources */ = {isa = PBXBuildFile; fileRef = 2D445B392BC6F0E6004329E3 /* UseCaseProvider.swift */; };
		2D445B3C2BC6F108004329E3 /* UserUseCase.swift in Sources */ = {isa = PBXBuildFile; fileRef = 2D445B3B2BC6F108004329E3 /* UserUseCase.swift */; };
		2D445B3F2BC6F17E004329E3 /* UserDefault.swift in Sources */ = {isa = PBXBuildFile; fileRef = 2D445B3E2BC6F17E004329E3 /* UserDefault.swift */; };
		2DB4D8C72BC8316C0028255C /* UITableViewCell+Reuse.swift in Sources */ = {isa = PBXBuildFile; fileRef = 2DB4D8C62BC8316C0028255C /* UITableViewCell+Reuse.swift */; };
		2DB4D8CB2BC836340028255C /* UserCell.swift in Sources */ = {isa = PBXBuildFile; fileRef = 2DB4D8C92BC836340028255C /* UserCell.swift */; };
		2DB4D8CC2BC836340028255C /* UserCell.xib in Resources */ = {isa = PBXBuildFile; fileRef = 2DB4D8CA2BC836340028255C /* UserCell.xib */; };
/* End PBXBuildFile section */

/* Begin PBXContainerItemProxy section */
		2D445AFC2BC668D6004329E3 /* PBXContainerItemProxy */ = {
			isa = PBXContainerItemProxy;
			containerPortal = 2D445ADD2BC668D5004329E3 /* Project object */;
			proxyType = 1;
			remoteGlobalIDString = 2D445AE42BC668D5004329E3;
			remoteInfo = MVVM;
		};
		2D445B062BC668D6004329E3 /* PBXContainerItemProxy */ = {
			isa = PBXContainerItemProxy;
			containerPortal = 2D445ADD2BC668D5004329E3 /* Project object */;
			proxyType = 1;
			remoteGlobalIDString = 2D445AE42BC668D5004329E3;
			remoteInfo = MVVM;
		};
/* End PBXContainerItemProxy section */

/* Begin PBXFileReference section */
		2D445AE52BC668D5004329E3 /* MVVM.app */ = {isa = PBXFileReference; explicitFileType = wrapper.application; includeInIndex = 0; path = MVVM.app; sourceTree = BUILT_PRODUCTS_DIR; };
		2D445AE82BC668D5004329E3 /* AppDelegate.swift */ = {isa = PBXFileReference; lastKnownFileType = sourcecode.swift; path = AppDelegate.swift; sourceTree = "<group>"; };
		2D445AEA2BC668D5004329E3 /* SceneDelegate.swift */ = {isa = PBXFileReference; lastKnownFileType = sourcecode.swift; path = SceneDelegate.swift; sourceTree = "<group>"; };
		2D445AEC2BC668D5004329E3 /* ViewController.swift */ = {isa = PBXFileReference; lastKnownFileType = sourcecode.swift; path = ViewController.swift; sourceTree = "<group>"; };
		2D445AEF2BC668D5004329E3 /* Base */ = {isa = PBXFileReference; lastKnownFileType = file.storyboard; name = Base; path = Base.lproj/Main.storyboard; sourceTree = "<group>"; };
		2D445AF12BC668D6004329E3 /* Assets.xcassets */ = {isa = PBXFileReference; lastKnownFileType = folder.assetcatalog; path = Assets.xcassets; sourceTree = "<group>"; };
		2D445AF42BC668D6004329E3 /* Base */ = {isa = PBXFileReference; lastKnownFileType = file.storyboard; name = Base; path = Base.lproj/LaunchScreen.storyboard; sourceTree = "<group>"; };
		2D445AF62BC668D6004329E3 /* Info.plist */ = {isa = PBXFileReference; lastKnownFileType = text.plist.xml; path = Info.plist; sourceTree = "<group>"; };
		2D445AFB2BC668D6004329E3 /* MVVMTests.xctest */ = {isa = PBXFileReference; explicitFileType = wrapper.cfbundle; includeInIndex = 0; path = MVVMTests.xctest; sourceTree = BUILT_PRODUCTS_DIR; };
		2D445AFF2BC668D6004329E3 /* MVVMTests.swift */ = {isa = PBXFileReference; lastKnownFileType = sourcecode.swift; path = MVVMTests.swift; sourceTree = "<group>"; };
		2D445B052BC668D6004329E3 /* MVVMUITests.xctest */ = {isa = PBXFileReference; explicitFileType = wrapper.cfbundle; includeInIndex = 0; path = MVVMUITests.xctest; sourceTree = BUILT_PRODUCTS_DIR; };
		2D445B092BC668D6004329E3 /* MVVMUITests.swift */ = {isa = PBXFileReference; lastKnownFileType = sourcecode.swift; path = MVVMUITests.swift; sourceTree = "<group>"; };
		2D445B0B2BC668D6004329E3 /* MVVMUITestsLaunchTests.swift */ = {isa = PBXFileReference; lastKnownFileType = sourcecode.swift; path = MVVMUITestsLaunchTests.swift; sourceTree = "<group>"; };
		2D445B182BC66ADB004329E3 /* MainViewController.swift */ = {isa = PBXFileReference; lastKnownFileType = sourcecode.swift; path = MainViewController.swift; sourceTree = "<group>"; };
		2D445B192BC66ADB004329E3 /* MainViewController.xib */ = {isa = PBXFileReference; lastKnownFileType = file.xib; path = MainViewController.xib; sourceTree = "<group>"; };
		2D445B202BC66B6C004329E3 /* BaseViewController.swift */ = {isa = PBXFileReference; lastKnownFileType = sourcecode.swift; path = BaseViewController.swift; sourceTree = "<group>"; };
		2D445B232BC66CF1004329E3 /* BaseViewModelType.swift */ = {isa = PBXFileReference; lastKnownFileType = sourcecode.swift; path = BaseViewModelType.swift; sourceTree = "<group>"; };
		2D445B252BC66E87004329E3 /* MainViewModel.swift */ = {isa = PBXFileReference; lastKnownFileType = sourcecode.swift; path = MainViewModel.swift; sourceTree = "<group>"; };
		2D445B272BC67E10004329E3 /* NetworkService.swift */ = {isa = PBXFileReference; lastKnownFileType = sourcecode.swift; path = NetworkService.swift; sourceTree = "<group>"; };
		2D445B2A2BC6807F004329E3 /* Endpoint.swift */ = {isa = PBXFileReference; lastKnownFileType = sourcecode.swift; path = Endpoint.swift; sourceTree = "<group>"; };
		2D445B2C2BC6830D004329E3 /* NetworkError.swift */ = {isa = PBXFileReference; lastKnownFileType = sourcecode.swift; path = NetworkError.swift; sourceTree = "<group>"; };
		2D445B342BC689E8004329E3 /* UserEntity.swift */ = {isa = PBXFileReference; lastKnownFileType = sourcecode.swift; path = UserEntity.swift; sourceTree = "<group>"; };
		2D445B362BC68A23004329E3 /* BaseEntityType.swift */ = {isa = PBXFileReference; lastKnownFileType = sourcecode.swift; path = BaseEntityType.swift; sourceTree = "<group>"; };
		2D445B392BC6F0E6004329E3 /* UseCaseProvider.swift */ = {isa = PBXFileReference; lastKnownFileType = sourcecode.swift; path = UseCaseProvider.swift; sourceTree = "<group>"; };
		2D445B3B2BC6F108004329E3 /* UserUseCase.swift */ = {isa = PBXFileReference; lastKnownFileType = sourcecode.swift; path = UserUseCase.swift; sourceTree = "<group>"; };
		2D445B3E2BC6F17E004329E3 /* UserDefault.swift */ = {isa = PBXFileReference; lastKnownFileType = sourcecode.swift; path = UserDefault.swift; sourceTree = "<group>"; };
		2DB4D8C62BC8316C0028255C /* UITableViewCell+Reuse.swift */ = {isa = PBXFileReference; lastKnownFileType = sourcecode.swift; path = "UITableViewCell+Reuse.swift"; sourceTree = "<group>"; };
		2DB4D8C92BC836340028255C /* UserCell.swift */ = {isa = PBXFileReference; lastKnownFileType = sourcecode.swift; path = UserCell.swift; sourceTree = "<group>"; };
		2DB4D8CA2BC836340028255C /* UserCell.xib */ = {isa = PBXFileReference; lastKnownFileType = file.xib; path = UserCell.xib; sourceTree = "<group>"; };
/* End PBXFileReference section */

/* Begin PBXFrameworksBuildPhase section */
		2D445AE22BC668D5004329E3 /* Frameworks */ = {
			isa = PBXFrameworksBuildPhase;
			buildActionMask = 2147483647;
			files = (
			);
			runOnlyForDeploymentPostprocessing = 0;
		};
		2D445AF82BC668D6004329E3 /* Frameworks */ = {
			isa = PBXFrameworksBuildPhase;
			buildActionMask = 2147483647;
			files = (
			);
			runOnlyForDeploymentPostprocessing = 0;
		};
		2D445B022BC668D6004329E3 /* Frameworks */ = {
			isa = PBXFrameworksBuildPhase;
			buildActionMask = 2147483647;
			files = (
			);
			runOnlyForDeploymentPostprocessing = 0;
		};
/* End PBXFrameworksBuildPhase section */

/* Begin PBXGroup section */
		2D445ADC2BC668D5004329E3 = {
			isa = PBXGroup;
			children = (
				2D445AE72BC668D5004329E3 /* MVVM */,
				2D445AFE2BC668D6004329E3 /* MVVMTests */,
				2D445B082BC668D6004329E3 /* MVVMUITests */,
				2D445AE62BC668D5004329E3 /* Products */,
			);
			sourceTree = "<group>";
		};
		2D445AE62BC668D5004329E3 /* Products */ = {
			isa = PBXGroup;
			children = (
				2D445AE52BC668D5004329E3 /* MVVM.app */,
				2D445AFB2BC668D6004329E3 /* MVVMTests.xctest */,
				2D445B052BC668D6004329E3 /* MVVMUITests.xctest */,
			);
			name = Products;
			sourceTree = "<group>";
		};
		2D445AE72BC668D5004329E3 /* MVVM */ = {
			isa = PBXGroup;
			children = (
				2D445B402BC78169004329E3 /* Extension */,
				2D445B1D2BC66AF2004329E3 /* AppLayer */,
				2D445B1C2BC66AE1004329E3 /* View */,
				2D445B302BC68981004329E3 /* Model */,
				2D445B382BC6F0D1004329E3 /* UseCase */,
				2D445B222BC66CD9004329E3 /* BaseProtocol */,
				2D445B292BC67E21004329E3 /* NetworkLayer */,
				2D445B3D2BC6F14D004329E3 /* DataStorage */,
				2D445AEE2BC668D5004329E3 /* Main.storyboard */,
				2D445AF12BC668D6004329E3 /* Assets.xcassets */,
				2D445AF62BC668D6004329E3 /* Info.plist */,
			);
			path = MVVM;
			sourceTree = "<group>";
		};
		2D445AFE2BC668D6004329E3 /* MVVMTests */ = {
			isa = PBXGroup;
			children = (
				2D445AFF2BC668D6004329E3 /* MVVMTests.swift */,
			);
			path = MVVMTests;
			sourceTree = "<group>";
		};
		2D445B082BC668D6004329E3 /* MVVMUITests */ = {
			isa = PBXGroup;
			children = (
				2D445B092BC668D6004329E3 /* MVVMUITests.swift */,
				2D445B0B2BC668D6004329E3 /* MVVMUITestsLaunchTests.swift */,
			);
			path = MVVMUITests;
			sourceTree = "<group>";
		};
		2D445B1C2BC66AE1004329E3 /* View */ = {
			isa = PBXGroup;
			children = (
				2D445B1F2BC66B4C004329E3 /* Base */,
				2D445B1E2BC66B18004329E3 /* Main */,
			);
			path = View;
			sourceTree = "<group>";
		};
		2D445B1D2BC66AF2004329E3 /* AppLayer */ = {
			isa = PBXGroup;
			children = (
				2D445AE82BC668D5004329E3 /* AppDelegate.swift */,
				2D445AEA2BC668D5004329E3 /* SceneDelegate.swift */,
				2D445AEC2BC668D5004329E3 /* ViewController.swift */,
				2D445AF32BC668D6004329E3 /* LaunchScreen.storyboard */,
			);
			path = AppLayer;
			sourceTree = "<group>";
		};
		2D445B1E2BC66B18004329E3 /* Main */ = {
			isa = PBXGroup;
			children = (
				2D445B182BC66ADB004329E3 /* MainViewController.swift */,
				2D445B192BC66ADB004329E3 /* MainViewController.xib */,
				2D445B252BC66E87004329E3 /* MainViewModel.swift */,
				2DB4D8C82BC836240028255C /* Cell */,
			);
			path = Main;
			sourceTree = "<group>";
		};
		2D445B1F2BC66B4C004329E3 /* Base */ = {
			isa = PBXGroup;
			children = (
				2D445B202BC66B6C004329E3 /* BaseViewController.swift */,
			);
			path = Base;
			sourceTree = "<group>";
		};
		2D445B222BC66CD9004329E3 /* BaseProtocol */ = {
			isa = PBXGroup;
			children = (
				2D445B232BC66CF1004329E3 /* BaseViewModelType.swift */,
				2D445B362BC68A23004329E3 /* BaseEntityType.swift */,
			);
			path = BaseProtocol;
			sourceTree = "<group>";
		};
		2D445B292BC67E21004329E3 /* NetworkLayer */ = {
			isa = PBXGroup;
			children = (
				2D445B272BC67E10004329E3 /* NetworkService.swift */,
				2D445B2A2BC6807F004329E3 /* Endpoint.swift */,
				2D445B2C2BC6830D004329E3 /* NetworkError.swift */,
			);
			path = "\U0010NetworkLayer";
			sourceTree = "<group>";
		};
		2D445B302BC68981004329E3 /* Model */ = {
			isa = PBXGroup;
			children = (
				2D445B342BC689E8004329E3 /* UserEntity.swift */,
			);
			path = Model;
			sourceTree = "<group>";
		};
		2D445B382BC6F0D1004329E3 /* UseCase */ = {
			isa = PBXGroup;
			children = (
				2D445B392BC6F0E6004329E3 /* UseCaseProvider.swift */,
				2D445B3B2BC6F108004329E3 /* UserUseCase.swift */,
			);
			path = UseCase;
			sourceTree = "<group>";
		};
		2D445B3D2BC6F14D004329E3 /* DataStorage */ = {
			isa = PBXGroup;
			children = (
				2D445B3E2BC6F17E004329E3 /* UserDefault.swift */,
			);
			path = DataStorage;
			sourceTree = "<group>";
		};
		2D445B402BC78169004329E3 /* Extension */ = {
			isa = PBXGroup;
			children = (
				2DB4D8C62BC8316C0028255C /* UITableViewCell+Reuse.swift */,
			);
			path = Extension;
			sourceTree = "<group>";
		};
		2DB4D8C82BC836240028255C /* Cell */ = {
			isa = PBXGroup;
			children = (
				2DB4D8C92BC836340028255C /* UserCell.swift */,
				2DB4D8CA2BC836340028255C /* UserCell.xib */,
			);
			path = Cell;
			sourceTree = "<group>";
		};
/* End PBXGroup section */

/* Begin PBXNativeTarget section */
		2D445AE42BC668D5004329E3 /* MVVM */ = {
			isa = PBXNativeTarget;
			buildConfigurationList = 2D445B0F2BC668D6004329E3 /* Build configuration list for PBXNativeTarget "MVVM" */;
			buildPhases = (
				2D445AE12BC668D5004329E3 /* Sources */,
				2D445AE22BC668D5004329E3 /* Frameworks */,
				2D445AE32BC668D5004329E3 /* Resources */,
			);
			buildRules = (
			);
			dependencies = (
			);
			name = MVVM;
			productName = MVVM;
			productReference = 2D445AE52BC668D5004329E3 /* MVVM.app */;
			productType = "com.apple.product-type.application";
		};
		2D445AFA2BC668D6004329E3 /* MVVMTests */ = {
			isa = PBXNativeTarget;
			buildConfigurationList = 2D445B122BC668D6004329E3 /* Build configuration list for PBXNativeTarget "MVVMTests" */;
			buildPhases = (
				2D445AF72BC668D6004329E3 /* Sources */,
				2D445AF82BC668D6004329E3 /* Frameworks */,
				2D445AF92BC668D6004329E3 /* Resources */,
			);
			buildRules = (
			);
			dependencies = (
				2D445AFD2BC668D6004329E3 /* PBXTargetDependency */,
			);
			name = MVVMTests;
			productName = MVVMTests;
			productReference = 2D445AFB2BC668D6004329E3 /* MVVMTests.xctest */;
			productType = "com.apple.product-type.bundle.unit-test";
		};
		2D445B042BC668D6004329E3 /* MVVMUITests */ = {
			isa = PBXNativeTarget;
			buildConfigurationList = 2D445B152BC668D6004329E3 /* Build configuration list for PBXNativeTarget "MVVMUITests" */;
			buildPhases = (
				2D445B012BC668D6004329E3 /* Sources */,
				2D445B022BC668D6004329E3 /* Frameworks */,
				2D445B032BC668D6004329E3 /* Resources */,
			);
			buildRules = (
			);
			dependencies = (
				2D445B072BC668D6004329E3 /* PBXTargetDependency */,
			);
			name = MVVMUITests;
			productName = MVVMUITests;
			productReference = 2D445B052BC668D6004329E3 /* MVVMUITests.xctest */;
			productType = "com.apple.product-type.bundle.ui-testing";
		};
/* End PBXNativeTarget section */

/* Begin PBXProject section */
		2D445ADD2BC668D5004329E3 /* Project object */ = {
			isa = PBXProject;
			attributes = {
				BuildIndependentTargetsInParallel = 1;
				LastSwiftUpdateCheck = 1510;
				LastUpgradeCheck = 1510;
				TargetAttributes = {
					2D445AE42BC668D5004329E3 = {
						CreatedOnToolsVersion = 15.1;
					};
					2D445AFA2BC668D6004329E3 = {
						CreatedOnToolsVersion = 15.1;
						TestTargetID = 2D445AE42BC668D5004329E3;
					};
					2D445B042BC668D6004329E3 = {
						CreatedOnToolsVersion = 15.1;
						TestTargetID = 2D445AE42BC668D5004329E3;
					};
				};
			};
			buildConfigurationList = 2D445AE02BC668D5004329E3 /* Build configuration list for PBXProject "MVVM" */;
			compatibilityVersion = "Xcode 14.0";
			developmentRegion = en;
			hasScannedForEncodings = 0;
			knownRegions = (
				en,
				Base,
			);
			mainGroup = 2D445ADC2BC668D5004329E3;
			productRefGroup = 2D445AE62BC668D5004329E3 /* Products */;
			projectDirPath = "";
			projectRoot = "";
			targets = (
				2D445AE42BC668D5004329E3 /* MVVM */,
				2D445AFA2BC668D6004329E3 /* MVVMTests */,
				2D445B042BC668D6004329E3 /* MVVMUITests */,
			);
		};
/* End PBXProject section */

/* Begin PBXResourcesBuildPhase section */
		2D445AE32BC668D5004329E3 /* Resources */ = {
			isa = PBXResourcesBuildPhase;
			buildActionMask = 2147483647;
			files = (
				2D445AF52BC668D6004329E3 /* LaunchScreen.storyboard in Resources */,
				2D445AF22BC668D6004329E3 /* Assets.xcassets in Resources */,
				2D445AF02BC668D5004329E3 /* Main.storyboard in Resources */,
				2D445B1B2BC66ADB004329E3 /* MainViewController.xib in Resources */,
				2DB4D8CC2BC836340028255C /* UserCell.xib in Resources */,
			);
			runOnlyForDeploymentPostprocessing = 0;
		};
		2D445AF92BC668D6004329E3 /* Resources */ = {
			isa = PBXResourcesBuildPhase;
			buildActionMask = 2147483647;
			files = (
			);
			runOnlyForDeploymentPostprocessing = 0;
		};
		2D445B032BC668D6004329E3 /* Resources */ = {
			isa = PBXResourcesBuildPhase;
			buildActionMask = 2147483647;
			files = (
			);
			runOnlyForDeploymentPostprocessing = 0;
		};
/* End PBXResourcesBuildPhase section */

/* Begin PBXSourcesBuildPhase section */
		2D445AE12BC668D5004329E3 /* Sources */ = {
			isa = PBXSourcesBuildPhase;
			buildActionMask = 2147483647;
			files = (
				2D445B262BC66E87004329E3 /* MainViewModel.swift in Sources */,
				2D445B212BC66B6C004329E3 /* BaseViewController.swift in Sources */,
				2D445B3F2BC6F17E004329E3 /* UserDefault.swift in Sources */,
				2D445AED2BC668D5004329E3 /* ViewController.swift in Sources */,
				2DB4D8CB2BC836340028255C /* UserCell.swift in Sources */,
				2D445B242BC66CF1004329E3 /* BaseViewModelType.swift in Sources */,
				2D445B282BC67E10004329E3 /* NetworkService.swift in Sources */,
				2D445B372BC68A23004329E3 /* BaseEntityType.swift in Sources */,
				2D445AE92BC668D5004329E3 /* AppDelegate.swift in Sources */,
				2D445B352BC689E8004329E3 /* UserEntity.swift in Sources */,
				2D445B3C2BC6F108004329E3 /* UserUseCase.swift in Sources */,
				2D445AEB2BC668D5004329E3 /* SceneDelegate.swift in Sources */,
				2D445B3A2BC6F0E7004329E3 /* UseCaseProvider.swift in Sources */,
				2D445B2B2BC6807F004329E3 /* Endpoint.swift in Sources */,
				2D445B1A2BC66ADB004329E3 /* MainViewController.swift in Sources */,
				2D445B2D2BC6830D004329E3 /* NetworkError.swift in Sources */,
				2DB4D8C72BC8316C0028255C /* UITableViewCell+Reuse.swift in Sources */,
			);
			runOnlyForDeploymentPostprocessing = 0;
		};
		2D445AF72BC668D6004329E3 /* Sources */ = {
			isa = PBXSourcesBuildPhase;
			buildActionMask = 2147483647;
			files = (
				2D445B002BC668D6004329E3 /* MVVMTests.swift in Sources */,
			);
			runOnlyForDeploymentPostprocessing = 0;
		};
		2D445B012BC668D6004329E3 /* Sources */ = {
			isa = PBXSourcesBuildPhase;
			buildActionMask = 2147483647;
			files = (
				2D445B0C2BC668D6004329E3 /* MVVMUITestsLaunchTests.swift in Sources */,
				2D445B0A2BC668D6004329E3 /* MVVMUITests.swift in Sources */,
			);
			runOnlyForDeploymentPostprocessing = 0;
		};
/* End PBXSourcesBuildPhase section */

/* Begin PBXTargetDependency section */
		2D445AFD2BC668D6004329E3 /* PBXTargetDependency */ = {
			isa = PBXTargetDependency;
			target = 2D445AE42BC668D5004329E3 /* MVVM */;
			targetProxy = 2D445AFC2BC668D6004329E3 /* PBXContainerItemProxy */;
		};
		2D445B072BC668D6004329E3 /* PBXTargetDependency */ = {
			isa = PBXTargetDependency;
			target = 2D445AE42BC668D5004329E3 /* MVVM */;
			targetProxy = 2D445B062BC668D6004329E3 /* PBXContainerItemProxy */;
		};
/* End PBXTargetDependency section */

/* Begin PBXVariantGroup section */
		2D445AEE2BC668D5004329E3 /* Main.storyboard */ = {
			isa = PBXVariantGroup;
			children = (
				2D445AEF2BC668D5004329E3 /* Base */,
			);
			name = Main.storyboard;
			sourceTree = "<group>";
		};
		2D445AF32BC668D6004329E3 /* LaunchScreen.storyboard */ = {
			isa = PBXVariantGroup;
			children = (
				2D445AF42BC668D6004329E3 /* Base */,
			);
			name = LaunchScreen.storyboard;
			sourceTree = "<group>";
		};
/* End PBXVariantGroup section */

/* Begin XCBuildConfiguration section */
		2D445B0D2BC668D6004329E3 /* Debug */ = {
			isa = XCBuildConfiguration;
			buildSettings = {
				ALWAYS_SEARCH_USER_PATHS = NO;
				ASSETCATALOG_COMPILER_GENERATE_SWIFT_ASSET_SYMBOL_EXTENSIONS = YES;
				CLANG_ANALYZER_NONNULL = YES;
				CLANG_ANALYZER_NUMBER_OBJECT_CONVERSION = YES_AGGRESSIVE;
				CLANG_CXX_LANGUAGE_STANDARD = "gnu++20";
				CLANG_ENABLE_MODULES = YES;
				CLANG_ENABLE_OBJC_ARC = YES;
				CLANG_ENABLE_OBJC_WEAK = YES;
				CLANG_WARN_BLOCK_CAPTURE_AUTORELEASING = YES;
				CLANG_WARN_BOOL_CONVERSION = YES;
				CLANG_WARN_COMMA = YES;
				CLANG_WARN_CONSTANT_CONVERSION = YES;
				CLANG_WARN_DEPRECATED_OBJC_IMPLEMENTATIONS = YES;
				CLANG_WARN_DIRECT_OBJC_ISA_USAGE = YES_ERROR;
				CLANG_WARN_DOCUMENTATION_COMMENTS = YES;
				CLANG_WARN_EMPTY_BODY = YES;
				CLANG_WARN_ENUM_CONVERSION = YES;
				CLANG_WARN_INFINITE_RECURSION = YES;
				CLANG_WARN_INT_CONVERSION = YES;
				CLANG_WARN_NON_LITERAL_NULL_CONVERSION = YES;
				CLANG_WARN_OBJC_IMPLICIT_RETAIN_SELF = YES;
				CLANG_WARN_OBJC_LITERAL_CONVERSION = YES;
				CLANG_WARN_OBJC_ROOT_CLASS = YES_ERROR;
				CLANG_WARN_QUOTED_INCLUDE_IN_FRAMEWORK_HEADER = YES;
				CLANG_WARN_RANGE_LOOP_ANALYSIS = YES;
				CLANG_WARN_STRICT_PROTOTYPES = YES;
				CLANG_WARN_SUSPICIOUS_MOVE = YES;
				CLANG_WARN_UNGUARDED_AVAILABILITY = YES_AGGRESSIVE;
				CLANG_WARN_UNREACHABLE_CODE = YES;
				CLANG_WARN__DUPLICATE_METHOD_MATCH = YES;
				COPY_PHASE_STRIP = NO;
				DEBUG_INFORMATION_FORMAT = dwarf;
				ENABLE_STRICT_OBJC_MSGSEND = YES;
				ENABLE_TESTABILITY = YES;
				ENABLE_USER_SCRIPT_SANDBOXING = YES;
				GCC_C_LANGUAGE_STANDARD = gnu17;
				GCC_DYNAMIC_NO_PIC = NO;
				GCC_NO_COMMON_BLOCKS = YES;
				GCC_OPTIMIZATION_LEVEL = 0;
				GCC_PREPROCESSOR_DEFINITIONS = (
					"DEBUG=1",
					"$(inherited)",
				);
				GCC_WARN_64_TO_32_BIT_CONVERSION = YES;
				GCC_WARN_ABOUT_RETURN_TYPE = YES_ERROR;
				GCC_WARN_UNDECLARED_SELECTOR = YES;
				GCC_WARN_UNINITIALIZED_AUTOS = YES_AGGRESSIVE;
				GCC_WARN_UNUSED_FUNCTION = YES;
				GCC_WARN_UNUSED_VARIABLE = YES;
				IPHONEOS_DEPLOYMENT_TARGET = 17.2;
				LOCALIZATION_PREFERS_STRING_CATALOGS = YES;
				MTL_ENABLE_DEBUG_INFO = INCLUDE_SOURCE;
				MTL_FAST_MATH = YES;
				ONLY_ACTIVE_ARCH = YES;
				SDKROOT = iphoneos;
				SWIFT_ACTIVE_COMPILATION_CONDITIONS = "DEBUG $(inherited)";
				SWIFT_OPTIMIZATION_LEVEL = "-Onone";
			};
			name = Debug;
		};
		2D445B0E2BC668D6004329E3 /* Release */ = {
			isa = XCBuildConfiguration;
			buildSettings = {
				ALWAYS_SEARCH_USER_PATHS = NO;
				ASSETCATALOG_COMPILER_GENERATE_SWIFT_ASSET_SYMBOL_EXTENSIONS = YES;
				CLANG_ANALYZER_NONNULL = YES;
				CLANG_ANALYZER_NUMBER_OBJECT_CONVERSION = YES_AGGRESSIVE;
				CLANG_CXX_LANGUAGE_STANDARD = "gnu++20";
				CLANG_ENABLE_MODULES = YES;
				CLANG_ENABLE_OBJC_ARC = YES;
				CLANG_ENABLE_OBJC_WEAK = YES;
				CLANG_WARN_BLOCK_CAPTURE_AUTORELEASING = YES;
				CLANG_WARN_BOOL_CONVERSION = YES;
				CLANG_WARN_COMMA = YES;
				CLANG_WARN_CONSTANT_CONVERSION = YES;
				CLANG_WARN_DEPRECATED_OBJC_IMPLEMENTATIONS = YES;
				CLANG_WARN_DIRECT_OBJC_ISA_USAGE = YES_ERROR;
				CLANG_WARN_DOCUMENTATION_COMMENTS = YES;
				CLANG_WARN_EMPTY_BODY = YES;
				CLANG_WARN_ENUM_CONVERSION = YES;
				CLANG_WARN_INFINITE_RECURSION = YES;
				CLANG_WARN_INT_CONVERSION = YES;
				CLANG_WARN_NON_LITERAL_NULL_CONVERSION = YES;
				CLANG_WARN_OBJC_IMPLICIT_RETAIN_SELF = YES;
				CLANG_WARN_OBJC_LITERAL_CONVERSION = YES;
				CLANG_WARN_OBJC_ROOT_CLASS = YES_ERROR;
				CLANG_WARN_QUOTED_INCLUDE_IN_FRAMEWORK_HEADER = YES;
				CLANG_WARN_RANGE_LOOP_ANALYSIS = YES;
				CLANG_WARN_STRICT_PROTOTYPES = YES;
				CLANG_WARN_SUSPICIOUS_MOVE = YES;
				CLANG_WARN_UNGUARDED_AVAILABILITY = YES_AGGRESSIVE;
				CLANG_WARN_UNREACHABLE_CODE = YES;
				CLANG_WARN__DUPLICATE_METHOD_MATCH = YES;
				COPY_PHASE_STRIP = NO;
				DEBUG_INFORMATION_FORMAT = "dwarf-with-dsym";
				ENABLE_NS_ASSERTIONS = NO;
				ENABLE_STRICT_OBJC_MSGSEND = YES;
				ENABLE_USER_SCRIPT_SANDBOXING = YES;
				GCC_C_LANGUAGE_STANDARD = gnu17;
				GCC_NO_COMMON_BLOCKS = YES;
				GCC_WARN_64_TO_32_BIT_CONVERSION = YES;
				GCC_WARN_ABOUT_RETURN_TYPE = YES_ERROR;
				GCC_WARN_UNDECLARED_SELECTOR = YES;
				GCC_WARN_UNINITIALIZED_AUTOS = YES_AGGRESSIVE;
				GCC_WARN_UNUSED_FUNCTION = YES;
				GCC_WARN_UNUSED_VARIABLE = YES;
				IPHONEOS_DEPLOYMENT_TARGET = 17.2;
				LOCALIZATION_PREFERS_STRING_CATALOGS = YES;
				MTL_ENABLE_DEBUG_INFO = NO;
				MTL_FAST_MATH = YES;
				SDKROOT = iphoneos;
				SWIFT_COMPILATION_MODE = wholemodule;
				VALIDATE_PRODUCT = YES;
			};
			name = Release;
		};
		2D445B102BC668D6004329E3 /* Debug */ = {
			isa = XCBuildConfiguration;
			buildSettings = {
				ASSETCATALOG_COMPILER_APPICON_NAME = AppIcon;
				ASSETCATALOG_COMPILER_GLOBAL_ACCENT_COLOR_NAME = AccentColor;
				CODE_SIGN_STYLE = Automatic;
				CURRENT_PROJECT_VERSION = 1;
				DEVELOPMENT_TEAM = Y9H897VKWQ;
				GENERATE_INFOPLIST_FILE = YES;
				INFOPLIST_FILE = MVVM/Info.plist;
				INFOPLIST_KEY_UIApplicationSupportsIndirectInputEvents = YES;
				INFOPLIST_KEY_UILaunchStoryboardName = LaunchScreen;
				INFOPLIST_KEY_UIMainStoryboardFile = Main;
				INFOPLIST_KEY_UISupportedInterfaceOrientations_iPad = "UIInterfaceOrientationPortrait UIInterfaceOrientationPortraitUpsideDown UIInterfaceOrientationLandscapeLeft UIInterfaceOrientationLandscapeRight";
				INFOPLIST_KEY_UISupportedInterfaceOrientations_iPhone = "UIInterfaceOrientationPortrait UIInterfaceOrientationLandscapeLeft UIInterfaceOrientationLandscapeRight";
				LD_RUNPATH_SEARCH_PATHS = (
					"$(inherited)",
					"@executable_path/Frameworks",
				);
				MARKETING_VERSION = 1.0;
				PRODUCT_BUNDLE_IDENTIFIER = com.nuntapath.MVVM;
				PRODUCT_NAME = "$(TARGET_NAME)";
				SWIFT_EMIT_LOC_STRINGS = YES;
				SWIFT_VERSION = 5.0;
				TARGETED_DEVICE_FAMILY = "1,2";
			};
			name = Debug;
		};
		2D445B112BC668D6004329E3 /* Release */ = {
			isa = XCBuildConfiguration;
			buildSettings = {
				ASSETCATALOG_COMPILER_APPICON_NAME = AppIcon;
				ASSETCATALOG_COMPILER_GLOBAL_ACCENT_COLOR_NAME = AccentColor;
				CODE_SIGN_STYLE = Automatic;
				CURRENT_PROJECT_VERSION = 1;
				DEVELOPMENT_TEAM = Y9H897VKWQ;
				GENERATE_INFOPLIST_FILE = YES;
				INFOPLIST_FILE = MVVM/Info.plist;
				INFOPLIST_KEY_UIApplicationSupportsIndirectInputEvents = YES;
				INFOPLIST_KEY_UILaunchStoryboardName = LaunchScreen;
				INFOPLIST_KEY_UIMainStoryboardFile = Main;
				INFOPLIST_KEY_UISupportedInterfaceOrientations_iPad = "UIInterfaceOrientationPortrait UIInterfaceOrientationPortraitUpsideDown UIInterfaceOrientationLandscapeLeft UIInterfaceOrientationLandscapeRight";
				INFOPLIST_KEY_UISupportedInterfaceOrientations_iPhone = "UIInterfaceOrientationPortrait UIInterfaceOrientationLandscapeLeft UIInterfaceOrientationLandscapeRight";
				LD_RUNPATH_SEARCH_PATHS = (
					"$(inherited)",
					"@executable_path/Frameworks",
				);
				MARKETING_VERSION = 1.0;
				PRODUCT_BUNDLE_IDENTIFIER = com.nuntapath.MVVM;
				PRODUCT_NAME = "$(TARGET_NAME)";
				SWIFT_EMIT_LOC_STRINGS = YES;
				SWIFT_VERSION = 5.0;
				TARGETED_DEVICE_FAMILY = "1,2";
			};
			name = Release;
		};
		2D445B132BC668D6004329E3 /* Debug */ = {
			isa = XCBuildConfiguration;
			buildSettings = {
				ALWAYS_EMBED_SWIFT_STANDARD_LIBRARIES = YES;
				BUNDLE_LOADER = "$(TEST_HOST)";
				CODE_SIGN_STYLE = Automatic;
				CURRENT_PROJECT_VERSION = 1;
				DEVELOPMENT_TEAM = Y9H897VKWQ;
				GENERATE_INFOPLIST_FILE = YES;
				IPHONEOS_DEPLOYMENT_TARGET = 17.2;
				MARKETING_VERSION = 1.0;
				PRODUCT_BUNDLE_IDENTIFIER = com.nuntapath.MVVMTests;
				PRODUCT_NAME = "$(TARGET_NAME)";
				SWIFT_EMIT_LOC_STRINGS = NO;
				SWIFT_VERSION = 5.0;
				TARGETED_DEVICE_FAMILY = "1,2";
				TEST_HOST = "$(BUILT_PRODUCTS_DIR)/MVVM.app/$(BUNDLE_EXECUTABLE_FOLDER_PATH)/MVVM";
			};
			name = Debug;
		};
		2D445B142BC668D6004329E3 /* Release */ = {
			isa = XCBuildConfiguration;
			buildSettings = {
				ALWAYS_EMBED_SWIFT_STANDARD_LIBRARIES = YES;
				BUNDLE_LOADER = "$(TEST_HOST)";
				CODE_SIGN_STYLE = Automatic;
				CURRENT_PROJECT_VERSION = 1;
				DEVELOPMENT_TEAM = Y9H897VKWQ;
				GENERATE_INFOPLIST_FILE = YES;
				IPHONEOS_DEPLOYMENT_TARGET = 17.2;
				MARKETING_VERSION = 1.0;
				PRODUCT_BUNDLE_IDENTIFIER = com.nuntapath.MVVMTests;
				PRODUCT_NAME = "$(TARGET_NAME)";
				SWIFT_EMIT_LOC_STRINGS = NO;
				SWIFT_VERSION = 5.0;
				TARGETED_DEVICE_FAMILY = "1,2";
				TEST_HOST = "$(BUILT_PRODUCTS_DIR)/MVVM.app/$(BUNDLE_EXECUTABLE_FOLDER_PATH)/MVVM";
			};
			name = Release;
		};
		2D445B162BC668D6004329E3 /* Debug */ = {
			isa = XCBuildConfiguration;
			buildSettings = {
				ALWAYS_EMBED_SWIFT_STANDARD_LIBRARIES = YES;
				CODE_SIGN_STYLE = Automatic;
				CURRENT_PROJECT_VERSION = 1;
				DEVELOPMENT_TEAM = Y9H897VKWQ;
				GENERATE_INFOPLIST_FILE = YES;
				MARKETING_VERSION = 1.0;
				PRODUCT_BUNDLE_IDENTIFIER = com.nuntapath.MVVMUITests;
				PRODUCT_NAME = "$(TARGET_NAME)";
				SWIFT_EMIT_LOC_STRINGS = NO;
				SWIFT_VERSION = 5.0;
				TARGETED_DEVICE_FAMILY = "1,2";
				TEST_TARGET_NAME = MVVM;
			};
			name = Debug;
		};
		2D445B172BC668D6004329E3 /* Release */ = {
			isa = XCBuildConfiguration;
			buildSettings = {
				ALWAYS_EMBED_SWIFT_STANDARD_LIBRARIES = YES;
				CODE_SIGN_STYLE = Automatic;
				CURRENT_PROJECT_VERSION = 1;
				DEVELOPMENT_TEAM = Y9H897VKWQ;
				GENERATE_INFOPLIST_FILE = YES;
				MARKETING_VERSION = 1.0;
				PRODUCT_BUNDLE_IDENTIFIER = com.nuntapath.MVVMUITests;
				PRODUCT_NAME = "$(TARGET_NAME)";
				SWIFT_EMIT_LOC_STRINGS = NO;
				SWIFT_VERSION = 5.0;
				TARGETED_DEVICE_FAMILY = "1,2";
				TEST_TARGET_NAME = MVVM;
			};
			name = Release;
		};
/* End XCBuildConfiguration section */

/* Begin XCConfigurationList section */
		2D445AE02BC668D5004329E3 /* Build configuration list for PBXProject "MVVM" */ = {
			isa = XCConfigurationList;
			buildConfigurations = (
				2D445B0D2BC668D6004329E3 /* Debug */,
				2D445B0E2BC668D6004329E3 /* Release */,
			);
			defaultConfigurationIsVisible = 0;
			defaultConfigurationName = Release;
		};
		2D445B0F2BC668D6004329E3 /* Build configuration list for PBXNativeTarget "MVVM" */ = {
			isa = XCConfigurationList;
			buildConfigurations = (
				2D445B102BC668D6004329E3 /* Debug */,
				2D445B112BC668D6004329E3 /* Release */,
			);
			defaultConfigurationIsVisible = 0;
			defaultConfigurationName = Release;
		};
		2D445B122BC668D6004329E3 /* Build configuration list for PBXNativeTarget "MVVMTests" */ = {
			isa = XCConfigurationList;
			buildConfigurations = (
				2D445B132BC668D6004329E3 /* Debug */,
				2D445B142BC668D6004329E3 /* Release */,
			);
			defaultConfigurationIsVisible = 0;
			defaultConfigurationName = Release;
		};
		2D445B152BC668D6004329E3 /* Build configuration list for PBXNativeTarget "MVVMUITests" */ = {
			isa = XCConfigurationList;
			buildConfigurations = (
				2D445B162BC668D6004329E3 /* Debug */,
				2D445B172BC668D6004329E3 /* Release */,
			);
			defaultConfigurationIsVisible = 0;
			defaultConfigurationName = Release;
		};
/* End XCConfigurationList section */
	};
	rootObject = 2D445ADD2BC668D5004329E3 /* Project object */;
}
